
Microsoft Visual Studio Solution File, Format Version 12.00
# Visual Studio 15
VisualStudioVersion = 15.0.27703.2026
MinimumVisualStudioVersion = 10.0.40219.1
Project("{FAE04EC0-301F-11D3-BF4B-00C04F79EFBC}") = "Chessmaster", "Chessmaster\Chessmaster.csproj", "{7701F64B-43DA-43DA-9460-3387AC3DB1D5}"
EndProject
Global
	GlobalSection(SolutionConfigurationPlatforms) = preSolution
		Debug|Any CPU = Debug|Any CPU
		Release|Any CPU = Release|Any CPU
	EndGlobalSection
	GlobalSection(ProjectConfigurationPlatforms) = postSolution
		{7701F64B-43DA-43DA-9460-3387AC3DB1D5}.Debug|Any CPU.ActiveCfg = Debug|Any CPU
		{7701F64B-43DA-43DA-9460-3387AC3DB1D5}.Debug|Any CPU.Build.0 = Debug|Any CPU
		{7701F64B-43DA-43DA-9460-3387AC3DB1D5}.Release|Any CPU.ActiveCfg = Release|Any CPU
		{7701F64B-43DA-43DA-9460-3387AC3DB1D5}.Release|Any CPU.Build.0 = Release|Any CPU
	EndGlobalSection
	GlobalSection(SolutionProperties) = preSolution
		HideSolutionNode = FALSE
	EndGlobalSection
	GlobalSection(ExtensibilityGlobals) = postSolution
		SolutionGuid = {994B79BE-FB99-43C8-80E2-2482DAA3EFA3}
	EndGlobalSection
EndGlobal
